# This file is automatically @generated by Cargo.
# It is not intended for manual editing.
version = 4

[[package]]
name = "aes"
version = "1.0.0"
dependencies = [
 "core",
 "encoding",
]

[[package]]
name = "argparse"
version = "1.0.0"

[[package]]
name = "bench"
version = "1.0.0"
dependencies = [
 "aes",
 "bigint",
 "core",
 "prime",
 "random",
 "rsa",
 "x25519",
 "xor",
]

[[package]]
name = "bigint"
version = "1.0.0"
dependencies = [
 "encoding",
]

[[package]]
name = "cli"
version = "1.0.0"
dependencies = [
 "argparse",
 "core",
]

[[package]]
name = "core"
version = "1.0.0"

[[package]]
name = "encoding"
version = "1.0.0"

[[package]]
name = "hash"
version = "1.0.0"
dependencies = [
 "encoding",
]

[[package]]
name = "my_pgp"
version = "1.0.0"
dependencies = [
 "aes",
 "bigint",
 "cli",
 "core",
 "encoding",
 "padding",
 "pgp",
 "prime",
 "random",
 "rsa",
 "sign",
 "x25519",
 "xor",
]

[[package]]
name = "padding"
version = "1.0.0"
dependencies = [
 "hash",
 "random",
]

[[package]]
name = "pgp"
version = "1.0.0"
dependencies = [
 "aes",
 "core",
 "encoding",
 "rsa",
 "xor",
]

[[package]]
name = "prime"
version = "1.0.0"
dependencies = [
 "bigint",
 "random",
]

[[package]]
name = "random"
version = "1.0.0"

[[package]]
name = "rsa"
version = "1.0.0"
dependencies = [
 "bigint",
 "encoding",
 "padding",
 "prime",
 "random",
]

[[package]]
name = "sign"
version = "1.0.0"
dependencies = [
 "bigint",
 "hash",
 "rsa",
]

[[package]]
name = "x25519"
version = "1.0.0"
dependencies = [
 "aes",
 "core",
 "encoding",
 "hash",
 "random",
]

[[package]]
name = "xor"
version = "1.0.0"
dependencies = [
 "core",
 "encoding",
]
